
Microsoft Visual Studio Solution File, Format Version 12.00
# Visual Studio Version 16
VisualStudioVersion = 16.0.31410.357
MinimumVisualStudioVersion = 10.0.40219.1
Project("{9A19103F-16F7-4668-BE54-9A1E7A4F7556}") = "Typetris.Web", "Typetris.Web\Typetris.Web.csproj", "{07E4F655-E61D-4398-9290-3C4277D57D7D}"
EndProject
Global
	GlobalSection(SolutionConfigurationPlatforms) = preSolution
		Debug|Any CPU = Debug|Any CPU
		Release|Any CPU = Release|Any CPU
	EndGlobalSection
	GlobalSection(ProjectConfigurationPlatforms) = postSolution
		{07E4F655-E61D-4398-9290-3C4277D57D7D}.Debug|Any CPU.ActiveCfg = Debug|Any CPU
		{07E4F655-E61D-4398-9290-3C4277D57D7D}.Debug|Any CPU.Build.0 = Debug|Any CPU
		{07E4F655-E61D-4398-9290-3C4277D57D7D}.Release|Any CPU.ActiveCfg = Release|Any CPU
		{07E4F655-E61D-4398-9290-3C4277D57D7D}.Release|Any CPU.Build.0 = Release|Any CPU
	EndGlobalSection
	GlobalSection(SolutionProperties) = preSolution
		HideSolutionNode = FALSE
	EndGlobalSection
	GlobalSection(ExtensibilityGlobals) = postSolution
		SolutionGuid = {428D9097-5924-4A4B-8FA8-D8EF6653CB1D}
	EndGlobalSection
EndGlobal
